
Microsoft Visual Studio Solution File, Format Version 12.00
# Visual Studio Version 17
VisualStudioVersion = 17.11.35219.272
MinimumVisualStudioVersion = 10.0.40219.1
Project("{FAE04EC0-301F-11D3-BF4B-00C04F79EFBC}") = "OnatrixWebApp", "OnatrixWebApp\OnatrixWebApp.csproj", "{54578C83-6680-4930-8C50-E2910E5A285B}"
EndProject
Global
	GlobalSection(SolutionConfigurationPlatforms) = preSolution
		Debug|Any CPU = Debug|Any CPU
		Release|Any CPU = Release|Any CPU
	EndGlobalSection
	GlobalSection(ProjectConfigurationPlatforms) = postSolution
		{54578C83-6680-4930-8C50-E2910E5A285B}.Debug|Any CPU.ActiveCfg = Debug|Any CPU
		{54578C83-6680-4930-8C50-E2910E5A285B}.Debug|Any CPU.Build.0 = Debug|Any CPU
		{54578C83-6680-4930-8C50-E2910E5A285B}.Release|Any CPU.ActiveCfg = Release|Any CPU
		{54578C83-6680-4930-8C50-E2910E5A285B}.Release|Any CPU.Build.0 = Release|Any CPU
	EndGlobalSection
	GlobalSection(SolutionProperties) = preSolution
		HideSolutionNode = FALSE
	EndGlobalSection
	GlobalSection(ExtensibilityGlobals) = postSolution
		SolutionGuid = {11E2B3F5-C0A9-4BBB-BFB6-E6B966557F14}
	EndGlobalSection
EndGlobal
