
Microsoft Visual Studio Solution File, Format Version 12.00
# Visual Studio Version 17
VisualStudioVersion = 17.11.35219.272
MinimumVisualStudioVersion = 10.0.40219.1
Project("{9A19103F-16F7-4668-BE54-9A1E7A4F7556}") = "OnatrixApp", "OnatrixApp\OnatrixApp.csproj", "{B85B9195-F61A-4FF6-8E5E-EC2AC01C744F}"
EndProject
Global
	GlobalSection(SolutionConfigurationPlatforms) = preSolution
		Debug|Any CPU = Debug|Any CPU
		Release|Any CPU = Release|Any CPU
	EndGlobalSection
	GlobalSection(ProjectConfigurationPlatforms) = postSolution
		{B85B9195-F61A-4FF6-8E5E-EC2AC01C744F}.Debug|Any CPU.ActiveCfg = Debug|Any CPU
		{B85B9195-F61A-4FF6-8E5E-EC2AC01C744F}.Debug|Any CPU.Build.0 = Debug|Any CPU
		{B85B9195-F61A-4FF6-8E5E-EC2AC01C744F}.Release|Any CPU.ActiveCfg = Release|Any CPU
		{B85B9195-F61A-4FF6-8E5E-EC2AC01C744F}.Release|Any CPU.Build.0 = Release|Any CPU
	EndGlobalSection
	GlobalSection(SolutionProperties) = preSolution
		HideSolutionNode = FALSE
	EndGlobalSection
	GlobalSection(ExtensibilityGlobals) = postSolution
		SolutionGuid = {11E2B3F5-C0A9-4BBB-BFB6-E6B966557F14}
	EndGlobalSection
EndGlobal
